
Microsoft Visual Studio Solution File, Format Version 12.00
# Visual Studio Version 17
VisualStudioVersion = 17.8.34408.163
MinimumVisualStudioVersion = 10.0.40219.1
Project("{2150E333-8FDC-42A3-9474-1A3956D46DE8}") = "ApiGateway", "ApiGateway", "{0FC7BA36-4189-46DB-A2ED-AF43967BC261}"
EndProject
Project("{2150E333-8FDC-42A3-9474-1A3956D46DE8}") = "Microservices", "Microservices", "{8347DC34-1682-4EB7-A40C-713AEED27C08}"
EndProject
Project("{2150E333-8FDC-42A3-9474-1A3956D46DE8}") = "src", "src", "{FAC0DE43-4724-45AF-9C44-22B8A913570F}"
EndProject
Project("{9A19103F-16F7-4668-BE54-9A1E7A4F7556}") = "PP.SampleCRUDService", "PP.SampleCRUDService\PP.SampleCRUDService.csproj", "{A56950E4-F6E9-4C01-AC24-7506B4F759A4}"
EndProject
Project("{9A19103F-16F7-4668-BE54-9A1E7A4F7556}") = "PP.AuthService", "PP.AuthService\PP.AuthService.csproj", "{2F3C4976-455F-4C33-BDE2-161076A7B8AD}"
EndProject
Project("{2150E333-8FDC-42A3-9474-1A3956D46DE8}") = "Solution Items", "Solution Items", "{9F351D59-689B-48C0-9FCB-B90DE07731EB}"
	ProjectSection(SolutionItems) = preProject
		.gitignore = .gitignore
	EndProjectSection
EndProject
Global
	GlobalSection(SolutionConfigurationPlatforms) = preSolution
		Debug|Any CPU = Debug|Any CPU
		Release|Any CPU = Release|Any CPU
	EndGlobalSection
	GlobalSection(ProjectConfigurationPlatforms) = postSolution
		{A56950E4-F6E9-4C01-AC24-7506B4F759A4}.Debug|Any CPU.ActiveCfg = Debug|Any CPU
		{A56950E4-F6E9-4C01-AC24-7506B4F759A4}.Debug|Any CPU.Build.0 = Debug|Any CPU
		{A56950E4-F6E9-4C01-AC24-7506B4F759A4}.Release|Any CPU.ActiveCfg = Release|Any CPU
		{A56950E4-F6E9-4C01-AC24-7506B4F759A4}.Release|Any CPU.Build.0 = Release|Any CPU
		{2F3C4976-455F-4C33-BDE2-161076A7B8AD}.Debug|Any CPU.ActiveCfg = Debug|Any CPU
		{2F3C4976-455F-4C33-BDE2-161076A7B8AD}.Debug|Any CPU.Build.0 = Debug|Any CPU
		{2F3C4976-455F-4C33-BDE2-161076A7B8AD}.Release|Any CPU.ActiveCfg = Release|Any CPU
		{2F3C4976-455F-4C33-BDE2-161076A7B8AD}.Release|Any CPU.Build.0 = Release|Any CPU
	EndGlobalSection
	GlobalSection(SolutionProperties) = preSolution
		HideSolutionNode = FALSE
	EndGlobalSection
	GlobalSection(NestedProjects) = preSolution
		{FAC0DE43-4724-45AF-9C44-22B8A913570F} = {8347DC34-1682-4EB7-A40C-713AEED27C08}
		{A56950E4-F6E9-4C01-AC24-7506B4F759A4} = {FAC0DE43-4724-45AF-9C44-22B8A913570F}
		{2F3C4976-455F-4C33-BDE2-161076A7B8AD} = {FAC0DE43-4724-45AF-9C44-22B8A913570F}
	EndGlobalSection
	GlobalSection(ExtensibilityGlobals) = postSolution
		SolutionGuid = {EAA5C340-2C56-4056-9A96-D5AAB764A59D}
	EndGlobalSection
EndGlobal
