
Microsoft Visual Studio Solution File, Format Version 12.00
# Visual Studio Version 17
VisualStudioVersion = 17.8.34408.163
MinimumVisualStudioVersion = 10.0.40219.1
Project("{2150E333-8FDC-42A3-9474-1A3956D46DE8}") = "ApiGateway", "ApiGateway", "{0FC7BA36-4189-46DB-A2ED-AF43967BC261}"
EndProject
Project("{2150E333-8FDC-42A3-9474-1A3956D46DE8}") = "Microservices", "Microservices", "{8347DC34-1682-4EB7-A40C-713AEED27C08}"
EndProject
Project("{2150E333-8FDC-42A3-9474-1A3956D46DE8}") = "src", "src", "{FAC0DE43-4724-45AF-9C44-22B8A913570F}"
EndProject
Project("{9A19103F-16F7-4668-BE54-9A1E7A4F7556}") = "PP.SampleCRUDService", "PP.SampleCRUDService\PP.SampleCRUDService.csproj", "{A56950E4-F6E9-4C01-AC24-7506B4F759A4}"
EndProject
Project("{9A19103F-16F7-4668-BE54-9A1E7A4F7556}") = "PP.AuthService", "PP.AuthService\PP.AuthService.csproj", "{2F3C4976-455F-4C33-BDE2-161076A7B8AD}"
EndProject
Project("{2150E333-8FDC-42A3-9474-1A3956D46DE8}") = "Solution Items", "Solution Items", "{9F351D59-689B-48C0-9FCB-B90DE07731EB}"
	ProjectSection(SolutionItems) = preProject
		.gitattributes = .gitattributes
		.gitignore = .gitignore
	EndProjectSection
EndProject
Project("{9A19103F-16F7-4668-BE54-9A1E7A4F7556}") = "PP_APIGateway", "PP_APIGateway\PP_APIGateway.csproj", "{A11CA373-2F22-43B8-8FBF-DC9F3A0E6862}"
EndProject
Project("{E53339B2-1760-4266-BCC7-CA923CBCF16C}") = "docker-compose", "docker-compose.dcproj", "{5B447394-0BBA-40F1-B1D0-CBA4056806DC}"
EndProject
Project("{9A19103F-16F7-4668-BE54-9A1E7A4F7556}") = "PP.CREDStroreService", "PP.CREDStroreService\PP.CREDStroreService.csproj", "{5BC646AF-5B50-450E-8AFD-61209F0F3E20}"
EndProject
Project("{9A19103F-16F7-4668-BE54-9A1E7A4F7556}") = "PP.ApplicationService", "PP.ApplicationService\PP.ApplicationService.csproj", "{5DFA3AEC-5178-47DC-974C-68645216F187}"
EndProject
Project("{9A19103F-16F7-4668-BE54-9A1E7A4F7556}") = "PP.ConfigurationService", "PP.ConfigurationService\PP.ConfigurationService.csproj", "{624908EC-E4D1-460E-AC63-0D9FE2FE03E2}"
EndProject
Project("{9A19103F-16F7-4668-BE54-9A1E7A4F7556}") = "PP.DatabaseService", "PP.DatabaseService\PP.DatabaseService.csproj", "{4A4318C9-B76A-45B0-8F41-D7C24D99150C}"
EndProject
Project("{9A19103F-16F7-4668-BE54-9A1E7A4F7556}") = "PP.EmptyProject", "PP.EmptyProject\PP.EmptyProject.csproj", "{848EB280-42E4-479E-8613-4463AF122F98}"
EndProject
Global
	GlobalSection(SolutionConfigurationPlatforms) = preSolution
		Debug|Any CPU = Debug|Any CPU
		Release|Any CPU = Release|Any CPU
	EndGlobalSection
	GlobalSection(ProjectConfigurationPlatforms) = postSolution
		{A56950E4-F6E9-4C01-AC24-7506B4F759A4}.Debug|Any CPU.ActiveCfg = Debug|Any CPU
		{A56950E4-F6E9-4C01-AC24-7506B4F759A4}.Debug|Any CPU.Build.0 = Debug|Any CPU
		{A56950E4-F6E9-4C01-AC24-7506B4F759A4}.Release|Any CPU.ActiveCfg = Release|Any CPU
		{A56950E4-F6E9-4C01-AC24-7506B4F759A4}.Release|Any CPU.Build.0 = Release|Any CPU
		{2F3C4976-455F-4C33-BDE2-161076A7B8AD}.Debug|Any CPU.ActiveCfg = Debug|Any CPU
		{2F3C4976-455F-4C33-BDE2-161076A7B8AD}.Debug|Any CPU.Build.0 = Debug|Any CPU
		{2F3C4976-455F-4C33-BDE2-161076A7B8AD}.Release|Any CPU.ActiveCfg = Release|Any CPU
		{2F3C4976-455F-4C33-BDE2-161076A7B8AD}.Release|Any CPU.Build.0 = Release|Any CPU
		{A11CA373-2F22-43B8-8FBF-DC9F3A0E6862}.Debug|Any CPU.ActiveCfg = Debug|Any CPU
		{A11CA373-2F22-43B8-8FBF-DC9F3A0E6862}.Debug|Any CPU.Build.0 = Debug|Any CPU
		{A11CA373-2F22-43B8-8FBF-DC9F3A0E6862}.Release|Any CPU.ActiveCfg = Release|Any CPU
		{A11CA373-2F22-43B8-8FBF-DC9F3A0E6862}.Release|Any CPU.Build.0 = Release|Any CPU
		{5B447394-0BBA-40F1-B1D0-CBA4056806DC}.Debug|Any CPU.ActiveCfg = Debug|Any CPU
		{5B447394-0BBA-40F1-B1D0-CBA4056806DC}.Debug|Any CPU.Build.0 = Debug|Any CPU
		{5B447394-0BBA-40F1-B1D0-CBA4056806DC}.Release|Any CPU.ActiveCfg = Release|Any CPU
		{5B447394-0BBA-40F1-B1D0-CBA4056806DC}.Release|Any CPU.Build.0 = Release|Any CPU
		{5BC646AF-5B50-450E-8AFD-61209F0F3E20}.Debug|Any CPU.ActiveCfg = Debug|Any CPU
		{5BC646AF-5B50-450E-8AFD-61209F0F3E20}.Debug|Any CPU.Build.0 = Debug|Any CPU
		{5BC646AF-5B50-450E-8AFD-61209F0F3E20}.Release|Any CPU.ActiveCfg = Release|Any CPU
		{5BC646AF-5B50-450E-8AFD-61209F0F3E20}.Release|Any CPU.Build.0 = Release|Any CPU
		{5DFA3AEC-5178-47DC-974C-68645216F187}.Debug|Any CPU.ActiveCfg = Debug|Any CPU
		{5DFA3AEC-5178-47DC-974C-68645216F187}.Debug|Any CPU.Build.0 = Debug|Any CPU
		{5DFA3AEC-5178-47DC-974C-68645216F187}.Release|Any CPU.ActiveCfg = Release|Any CPU
		{5DFA3AEC-5178-47DC-974C-68645216F187}.Release|Any CPU.Build.0 = Release|Any CPU
		{624908EC-E4D1-460E-AC63-0D9FE2FE03E2}.Debug|Any CPU.ActiveCfg = Debug|Any CPU
		{624908EC-E4D1-460E-AC63-0D9FE2FE03E2}.Debug|Any CPU.Build.0 = Debug|Any CPU
		{624908EC-E4D1-460E-AC63-0D9FE2FE03E2}.Release|Any CPU.ActiveCfg = Release|Any CPU
		{624908EC-E4D1-460E-AC63-0D9FE2FE03E2}.Release|Any CPU.Build.0 = Release|Any CPU
		{4A4318C9-B76A-45B0-8F41-D7C24D99150C}.Debug|Any CPU.ActiveCfg = Debug|Any CPU
		{4A4318C9-B76A-45B0-8F41-D7C24D99150C}.Debug|Any CPU.Build.0 = Debug|Any CPU
		{4A4318C9-B76A-45B0-8F41-D7C24D99150C}.Release|Any CPU.ActiveCfg = Release|Any CPU
		{4A4318C9-B76A-45B0-8F41-D7C24D99150C}.Release|Any CPU.Build.0 = Release|Any CPU
		{848EB280-42E4-479E-8613-4463AF122F98}.Debug|Any CPU.ActiveCfg = Debug|Any CPU
		{848EB280-42E4-479E-8613-4463AF122F98}.Debug|Any CPU.Build.0 = Debug|Any CPU
		{848EB280-42E4-479E-8613-4463AF122F98}.Release|Any CPU.ActiveCfg = Release|Any CPU
		{848EB280-42E4-479E-8613-4463AF122F98}.Release|Any CPU.Build.0 = Release|Any CPU
	EndGlobalSection
	GlobalSection(SolutionProperties) = preSolution
		HideSolutionNode = FALSE
	EndGlobalSection
	GlobalSection(NestedProjects) = preSolution
		{FAC0DE43-4724-45AF-9C44-22B8A913570F} = {8347DC34-1682-4EB7-A40C-713AEED27C08}
		{A56950E4-F6E9-4C01-AC24-7506B4F759A4} = {FAC0DE43-4724-45AF-9C44-22B8A913570F}
		{2F3C4976-455F-4C33-BDE2-161076A7B8AD} = {FAC0DE43-4724-45AF-9C44-22B8A913570F}
		{A11CA373-2F22-43B8-8FBF-DC9F3A0E6862} = {0FC7BA36-4189-46DB-A2ED-AF43967BC261}
		{5BC646AF-5B50-450E-8AFD-61209F0F3E20} = {FAC0DE43-4724-45AF-9C44-22B8A913570F}
		{5DFA3AEC-5178-47DC-974C-68645216F187} = {FAC0DE43-4724-45AF-9C44-22B8A913570F}
		{624908EC-E4D1-460E-AC63-0D9FE2FE03E2} = {FAC0DE43-4724-45AF-9C44-22B8A913570F}
		{4A4318C9-B76A-45B0-8F41-D7C24D99150C} = {FAC0DE43-4724-45AF-9C44-22B8A913570F}
		{848EB280-42E4-479E-8613-4463AF122F98} = {FAC0DE43-4724-45AF-9C44-22B8A913570F}
	EndGlobalSection
	GlobalSection(ExtensibilityGlobals) = postSolution
		SolutionGuid = {EAA5C340-2C56-4056-9A96-D5AAB764A59D}
	EndGlobalSection
EndGlobal
